// !$*UTF8*$!
{
	archiveVersion = 1;
	classes = {
	};
	objectVersion = 50;
	objects = {

/* Begin PBXBuildFile section */
		4CC88B742187E7A600A5C908 /* AppDelegate.m in Sources */ = {isa = PBXBuildFile; fileRef = 4CC88B732187E7A600A5C908 /* AppDelegate.m */; };
		4CC88B772187E7A600A5C908 /* ViewController.m in Sources */ = {isa = PBXBuildFile; fileRef = 4CC88B762187E7A600A5C908 /* ViewController.m */; };
		4CC88B7A2187E7A600A5C908 /* Main.storyboard in Resources */ = {isa = PBXBuildFile; fileRef = 4CC88B782187E7A600A5C908 /* Main.storyboard */; };
		4CC88B7C2187E7A700A5C908 /* Assets.xcassets in Resources */ = {isa = PBXBuildFile; fileRef = 4CC88B7B2187E7A700A5C908 /* Assets.xcassets */; };
		4CC88B7F2187E7A700A5C908 /* LaunchScreen.storyboard in Resources */ = {isa = PBXBuildFile; fileRef = 4CC88B7D2187E7A700A5C908 /* LaunchScreen.storyboard */; };
		4CC88B822187E7A700A5C908 /* main.m in Sources */ = {isa = PBXBuildFile; fileRef = 4CC88B812187E7A700A5C908 /* main.m */; };
		4CC88B8E218858E000A5C908 /* MXAnimation.m in Sources */ = {isa = PBXBuildFile; fileRef = 4CC88B8A218858E000A5C908 /* MXAnimation.m */; };
		4CC88B8F218858E000A5C908 /* MXPickerView.m in Sources */ = {isa = PBXBuildFile; fileRef = 4CC88B8C218858E000A5C908 /* MXPickerView.m */; };
/* End PBXBuildFile section */

/* Begin PBXFileReference section */
		4CC88B6F2187E7A600A5C908 /* MXPickerView.app */ = {isa = PBXFileReference; explicitFileType = wrapper.application; includeInIndex = 0; path = MXPickerView.app; sourceTree = BUILT_PRODUCTS_DIR; };
		4CC88B722187E7A600A5C908 /* AppDelegate.h */ = {isa = PBXFileReference; lastKnownFileType = sourcecode.c.h; path = AppDelegate.h; sourceTree = "<group>"; };
		4CC88B732187E7A600A5C908 /* AppDelegate.m */ = {isa = PBXFileReference; lastKnownFileType = sourcecode.c.objc; path = AppDelegate.m; sourceTree = "<group>"; };
		4CC88B752187E7A600A5C908 /* ViewController.h */ = {isa = PBXFileReference; lastKnownFileType = sourcecode.c.h; path = ViewController.h; sourceTree = "<group>"; };
		4CC88B762187E7A600A5C908 /* ViewController.m */ = {isa = PBXFileReference; lastKnownFileType = sourcecode.c.objc; path = ViewController.m; sourceTree = "<group>"; };
		4CC88B792187E7A600A5C908 /* Base */ = {isa = PBXFileReference; lastKnownFileType = file.storyboard; name = Base; path = Base.lproj/Main.storyboard; sourceTree = "<group>"; };
		4CC88B7B2187E7A700A5C908 /* Assets.xcassets */ = {isa = PBXFileReference; lastKnownFileType = folder.assetcatalog; path = Assets.xcassets; sourceTree = "<group>"; };
		4CC88B7E2187E7A700A5C908 /* Base */ = {isa = PBXFileReference; lastKnownFileType = file.storyboard; name = Base; path = Base.lproj/LaunchScreen.storyboard; sourceTree = "<group>"; };
		4CC88B802187E7A700A5C908 /* Info.plist */ = {isa = PBXFileReference; lastKnownFileType = text.plist.xml; path = Info.plist; sourceTree = "<group>"; };
		4CC88B812187E7A700A5C908 /* main.m */ = {isa = PBXFileReference; lastKnownFileType = sourcecode.c.objc; path = main.m; sourceTree = "<group>"; };
		4CC88B89218858E000A5C908 /* MXAnimation.h */ = {isa = PBXFileReference; fileEncoding = 4; lastKnownFileType = sourcecode.c.h; path = MXAnimation.h; sourceTree = "<group>"; };
		4CC88B8A218858E000A5C908 /* MXAnimation.m */ = {isa = PBXFileReference; fileEncoding = 4; lastKnownFileType = sourcecode.c.objc; path = MXAnimation.m; sourceTree = "<group>"; };
		4CC88B8C218858E000A5C908 /* MXPickerView.m */ = {isa = PBXFileReference; fileEncoding = 4; lastKnownFileType = sourcecode.c.objc; path = MXPickerView.m; sourceTree = "<group>"; };
		4CC88B8D218858E000A5C908 /* MXPickerView.h */ = {isa = PBXFileReference; fileEncoding = 4; lastKnownFileType = sourcecode.c.h; path = MXPickerView.h; sourceTree = "<group>"; };
/* End PBXFileReference section */

/* Begin PBXFrameworksBuildPhase section */
		4CC88B6C2187E7A600A5C908 /* Frameworks */ = {
			isa = PBXFrameworksBuildPhase;
			buildActionMask = 2147483647;
			files = (
			);
			runOnlyForDeploymentPostprocessing = 0;
		};
/* End PBXFrameworksBuildPhase section */

/* Begin PBXGroup section */
		4CC88B662187E7A600A5C908 = {
			isa = PBXGroup;
			children = (
				4CC88B712187E7A600A5C908 /* MXPickerView */,
				4CC88B702187E7A600A5C908 /* Products */,
			);
			sourceTree = "<group>";
		};
		4CC88B702187E7A600A5C908 /* Products */ = {
			isa = PBXGroup;
			children = (
				4CC88B6F2187E7A600A5C908 /* MXPickerView.app */,
			);
			name = Products;
			sourceTree = "<group>";
		};
		4CC88B712187E7A600A5C908 /* MXPickerView */ = {
			isa = PBXGroup;
			children = (
				4CC88B88218858E000A5C908 /* MXAnimation */,
				4CC88B8B218858E000A5C908 /* MXPickerView */,
				4CC88B722187E7A600A5C908 /* AppDelegate.h */,
				4CC88B732187E7A600A5C908 /* AppDelegate.m */,
				4CC88B752187E7A600A5C908 /* ViewController.h */,
				4CC88B762187E7A600A5C908 /* ViewController.m */,
				4CC88B782187E7A600A5C908 /* Main.storyboard */,
				4CC88B7B2187E7A700A5C908 /* Assets.xcassets */,
				4CC88B7D2187E7A700A5C908 /* LaunchScreen.storyboard */,
				4CC88B802187E7A700A5C908 /* Info.plist */,
				4CC88B812187E7A700A5C908 /* main.m */,
			);
			path = MXPickerView;
			sourceTree = "<group>";
		};
		4CC88B88218858E000A5C908 /* MXAnimation */ = {
			isa = PBXGroup;
			children = (
				4CC88B89218858E000A5C908 /* MXAnimation.h */,
				4CC88B8A218858E000A5C908 /* MXAnimation.m */,
			);
			path = MXAnimation;
			sourceTree = "<group>";
		};
		4CC88B8B218858E000A5C908 /* MXPickerView */ = {
			isa = PBXGroup;
			children = (
				4CC88B8D218858E000A5C908 /* MXPickerView.h */,
				4CC88B8C218858E000A5C908 /* MXPickerView.m */,
			);
			path = MXPickerView;
			sourceTree = "<group>";
		};
/* End PBXGroup section */

/* Begin PBXNativeTarget section */
		4CC88B6E2187E7A600A5C908 /* MXPickerView */ = {
			isa = PBXNativeTarget;
			buildConfigurationList = 4CC88B852187E7A700A5C908 /* Build configuration list for PBXNativeTarget "MXPickerView" */;
			buildPhases = (
				4CC88B6B2187E7A600A5C908 /* Sources */,
				4CC88B6C2187E7A600A5C908 /* Frameworks */,
				4CC88B6D2187E7A600A5C908 /* Resources */,
			);
			buildRules = (
			);
			dependencies = (
			);
			name = MXPickerView;
			productName = MXPickerView;
			productReference = 4CC88B6F2187E7A600A5C908 /* MXPickerView.app */;
			productType = "com.apple.product-type.application";
		};
/* End PBXNativeTarget section */

/* Begin PBXProject section */
		4CC88B672187E7A600A5C908 /* Project object */ = {
			isa = PBXProject;
			attributes = {
				LastUpgradeCheck = 0940;
				ORGANIZATIONNAME = Michael;
				TargetAttributes = {
					4CC88B6E2187E7A600A5C908 = {
						CreatedOnToolsVersion = 9.4.1;
					};
				};
			};
			buildConfigurationList = 4CC88B6A2187E7A600A5C908 /* Build configuration list for PBXProject "MXPickerView" */;
			compatibilityVersion = "Xcode 9.3";
			developmentRegion = en;
			hasScannedForEncodings = 0;
			knownRegions = (
				en,
				Base,
			);
			mainGroup = 4CC88B662187E7A600A5C908;
			productRefGroup = 4CC88B702187E7A600A5C908 /* Products */;
			projectDirPath = "";
			projectRoot = "";
			targets = (
				4CC88B6E2187E7A600A5C908 /* MXPickerView */,
			);
		};
/* End PBXProject section */

/* Begin PBXResourcesBuildPhase section */
		4CC88B6D2187E7A600A5C908 /* Resources */ = {
			isa = PBXResourcesBuildPhase;
			buildActionMask = 2147483647;
			files = (
				4CC88B7F2187E7A700A5C908 /* LaunchScreen.storyboard in Resources */,
				4CC88B7C2187E7A700A5C908 /* Assets.xcassets in Resources */,
				4CC88B7A2187E7A600A5C908 /* Main.storyboard in Resources */,
			);
			runOnlyForDeploymentPostprocessing = 0;
		};
/* End PBXResourcesBuildPhase section */

/* Begin PBXSourcesBuildPhase section */
		4CC88B6B2187E7A600A5C908 /* Sources */ = {
			isa = PBXSourcesBuildPhase;
			buildActionMask = 2147483647;
			files = (
				4CC88B772187E7A600A5C908 /* ViewController.m in Sources */,
				4CC88B8E218858E000A5C908 /* MXAnimation.m in Sources */,
				4CC88B822187E7A700A5C908 /* main.m in Sources */,
				4CC88B8F218858E000A5C908 /* MXPickerView.m in Sources */,
				4CC88B742187E7A600A5C908 /* AppDelegate.m in Sources */,
			);
			runOnlyForDeploymentPostprocessing = 0;
		};
/* End PBXSourcesBuildPhase section */

/* Begin PBXVariantGroup section */
		4CC88B782187E7A600A5C908 /* Main.storyboard */ = {
			isa = PBXVariantGroup;
			children = (
				4CC88B792187E7A600A5C908 /* Base */,
			);
			name = Main.storyboard;
			sourceTree = "<group>";
		};
		4CC88B7D2187E7A700A5C908 /* LaunchScreen.storyboard */ = {
			isa = PBXVariantGroup;
			children = (
				4CC88B7E2187E7A700A5C908 /* Base */,
			);
			name = LaunchScreen.storyboard;
			sourceTree = "<group>";
		};
/* End PBXVariantGroup section */

/* Begin XCBuildConfiguration section */
		4CC88B832187E7A700A5C908 /* Debug */ = {
			isa = XCBuildConfiguration;
			buildSettings = {
				ALWAYS_SEARCH_USER_PATHS = NO;
				CLANG_ANALYZER_NONNULL = YES;
				CLANG_ANALYZER_NUMBER_OBJECT_CONVERSION = YES_AGGRESSIVE;
				CLANG_CXX_LANGUAGE_STANDARD = "gnu++14";
				CLANG_CXX_LIBRARY = "libc++";
				CLANG_ENABLE_MODULES = YES;
				CLANG_ENABLE_OBJC_ARC = YES;
				CLANG_ENABLE_OBJC_WEAK = YES;
				CLANG_WARN_BLOCK_CAPTURE_AUTORELEASING = YES;
				CLANG_WARN_BOOL_CONVERSION = YES;
				CLANG_WARN_COMMA = YES;
				CLANG_WARN_CONSTANT_CONVERSION = YES;
				CLANG_WARN_DEPRECATED_OBJC_IMPLEMENTATIONS = YES;
				CLANG_WARN_DIRECT_OBJC_ISA_USAGE = YES_ERROR;
				CLANG_WARN_DOCUMENTATION_COMMENTS = YES;
				CLANG_WARN_EMPTY_BODY = YES;
				CLANG_WARN_ENUM_CONVERSION = YES;
				CLANG_WARN_INFINITE_RECURSION = YES;
				CLANG_WARN_INT_CONVERSION = YES;
				CLANG_WARN_NON_LITERAL_NULL_CONVERSION = YES;
				CLANG_WARN_OBJC_IMPLICIT_RETAIN_SELF = YES;
				CLANG_WARN_OBJC_LITERAL_CONVERSION = YES;
				CLANG_WARN_OBJC_ROOT_CLASS = YES_ERROR;
				CLANG_WARN_RANGE_LOOP_ANALYSIS = YES;
				CLANG_WARN_STRICT_PROTOTYPES = YES;
				CLANG_WARN_SUSPICIOUS_MOVE = YES;
				CLANG_WARN_UNGUARDED_AVAILABILITY = YES_AGGRESSIVE;
				CLANG_WARN_UNREACHABLE_CODE = YES;
				CLANG_WARN__DUPLICATE_METHOD_MATCH = YES;
				CODE_SIGN_IDENTITY = "iPhone Developer";
				COPY_PHASE_STRIP = NO;
				DEBUG_INFORMATION_FORMAT = dwarf;
				ENABLE_STRICT_OBJC_MSGSEND = YES;
				ENABLE_TESTABILITY = YES;
				GCC_C_LANGUAGE_STANDARD = gnu11;
				GCC_DYNAMIC_NO_PIC = NO;
				GCC_NO_COMMON_BLOCKS = YES;
				GCC_OPTIMIZATION_LEVEL = 0;
				GCC_PREPROCESSOR_DEFINITIONS = (
					"DEBUG=1",
					"$(inherited)",
				);
				GCC_WARN_64_TO_32_BIT_CONVERSION = YES;
				GCC_WARN_ABOUT_RETURN_TYPE = YES_ERROR;
				GCC_WARN_UNDECLARED_SELECTOR = YES;
				GCC_WARN_UNINITIALIZED_AUTOS = YES_AGGRESSIVE;
				GCC_WARN_UNUSED_FUNCTION = YES;
				GCC_WARN_UNUSED_VARIABLE = YES;
				IPHONEOS_DEPLOYMENT_TARGET = 11.4;
				MTL_ENABLE_DEBUG_INFO = YES;
				ONLY_ACTIVE_ARCH = YES;
				SDKROOT = iphoneos;
			};
			name = Debug;
		};
		4CC88B842187E7A700A5C908 /* Release */ = {
			isa = XCBuildConfiguration;
			buildSettings = {
				ALWAYS_SEARCH_USER_PATHS = NO;
				CLANG_ANALYZER_NONNULL = YES;
				CLANG_ANALYZER_NUMBER_OBJECT_CONVERSION = YES_AGGRESSIVE;
				CLANG_CXX_LANGUAGE_STANDARD = "gnu++14";
				CLANG_CXX_LIBRARY = "libc++";
				CLANG_ENABLE_MODULES = YES;
				CLANG_ENABLE_OBJC_ARC = YES;
				CLANG_ENABLE_OBJC_WEAK = YES;
				CLANG_WARN_BLOCK_CAPTURE_AUTORELEASING = YES;
				CLANG_WARN_BOOL_CONVERSION = YES;
				CLANG_WARN_COMMA = YES;
				CLANG_WARN_CONSTANT_CONVERSION = YES;
				CLANG_WARN_DEPRECATED_OBJC_IMPLEMENTATIONS = YES;
				CLANG_WARN_DIRECT_OBJC_ISA_USAGE = YES_ERROR;
				CLANG_WARN_DOCUMENTATION_COMMENTS = YES;
				CLANG_WARN_EMPTY_BODY = YES;
				CLANG_WARN_ENUM_CONVERSION = YES;
				CLANG_WARN_INFINITE_RECURSION = YES;
				CLANG_WARN_INT_CONVERSION = YES;
				CLANG_WARN_NON_LITERAL_NULL_CONVERSION = YES;
				CLANG_WARN_OBJC_IMPLICIT_RETAIN_SELF = YES;
				CLANG_WARN_OBJC_LITERAL_CONVERSION = YES;
				CLANG_WARN_OBJC_ROOT_CLASS = YES_ERROR;
				CLANG_WARN_RANGE_LOOP_ANALYSIS = YES;
				CLANG_WARN_STRICT_PROTOTYPES = YES;
				CLANG_WARN_SUSPICIOUS_MOVE = YES;
				CLANG_WARN_UNGUARDED_AVAILABILITY = YES_AGGRESSIVE;
				CLANG_WARN_UNREACHABLE_CODE = YES;
				CLANG_WARN__DUPLICATE_METHOD_MATCH = YES;
				CODE_SIGN_IDENTITY = "iPhone Developer";
				COPY_PHASE_STRIP = NO;
				DEBUG_INFORMATION_FORMAT = "dwarf-with-dsym";
				ENABLE_NS_ASSERTIONS = NO;
				ENABLE_STRICT_OBJC_MSGSEND = YES;
				GCC_C_LANGUAGE_STANDARD = gnu11;
				GCC_NO_COMMON_BLOCKS = YES;
				GCC_WARN_64_TO_32_BIT_CONVERSION = YES;
				GCC_WARN_ABOUT_RETURN_TYPE = YES_ERROR;
				GCC_WARN_UNDECLARED_SELECTOR = YES;
				GCC_WARN_UNINITIALIZED_AUTOS = YES_AGGRESSIVE;
				GCC_WARN_UNUSED_FUNCTION = YES;
				GCC_WARN_UNUSED_VARIABLE = YES;
				IPHONEOS_DEPLOYMENT_TARGET = 11.4;
				MTL_ENABLE_DEBUG_INFO = NO;
				SDKROOT = iphoneos;
				VALIDATE_PRODUCT = YES;
			};
			name = Release;
		};
		4CC88B862187E7A700A5C908 /* Debug */ = {
			isa = XCBuildConfiguration;
			buildSettings = {
				ASSETCATALOG_COMPILER_APPICON_NAME = AppIcon;
				CODE_SIGN_STYLE = Automatic;
				DEVELOPMENT_TEAM = YP4RBV4SRC;
				INFOPLIST_FILE = MXPickerView/Info.plist;
				IPHONEOS_DEPLOYMENT_TARGET = 8.0;
				LD_RUNPATH_SEARCH_PATHS = (
					"$(inherited)",
					"@executable_path/Frameworks",
				);
				PRODUCT_BUNDLE_IDENTIFIER = com.Yunlu.MXPickerView;
				PRODUCT_NAME = "$(TARGET_NAME)";
				TARGETED_DEVICE_FAMILY = "1,2";
			};
			name = Debug;
		};
		4CC88B872187E7A700A5C908 /* Release */ = {
			isa = XCBuildConfiguration;
			buildSettings = {
				ASSETCATALOG_COMPILER_APPICON_NAME = AppIcon;
				CODE_SIGN_STYLE = Automatic;
				DEVELOPMENT_TEAM = YP4RBV4SRC;
				INFOPLIST_FILE = MXPickerView/Info.plist;
				IPHONEOS_DEPLOYMENT_TARGET = 8.0;
				LD_RUNPATH_SEARCH_PATHS = (
					"$(inherited)",
					"@executable_path/Frameworks",
				);
				PRODUCT_BUNDLE_IDENTIFIER = com.Yunlu.MXPickerView;
				PRODUCT_NAME = "$(TARGET_NAME)";
				TARGETED_DEVICE_FAMILY = "1,2";
			};
			name = Release;
		};
/* End XCBuildConfiguration section */

/* Begin XCConfigurationList section */
		4CC88B6A2187E7A600A5C908 /* Build configuration list for PBXProject "MXPickerView" */ = {
			isa = XCConfigurationList;
			buildConfigurations = (
				4CC88B832187E7A700A5C908 /* Debug */,
				4CC88B842187E7A700A5C908 /* Release */,
			);
			defaultConfigurationIsVisible = 0;
			defaultConfigurationName = Release;
		};
		4CC88B852187E7A700A5C908 /* Build configuration list for PBXNativeTarget "MXPickerView" */ = {
			isa = XCConfigurationList;
			buildConfigurations = (
				4CC88B862187E7A700A5C908 /* Debug */,
				4CC88B872187E7A700A5C908 /* Release */,
			);
			defaultConfigurationIsVisible = 0;
			defaultConfigurationName = Release;
		};
/* End XCConfigurationList section */
	};
	rootObject = 4CC88B672187E7A600A5C908 /* Project object */;
}
